// !$*UTF8*$!
{
	archiveVersion = 1;
	classes = {
	};
	objectVersion = 56;
	objects = {

/* Begin PBXBuildFile section */
		67CDCD95E2C741C14C1D2F12 /* Pods_MarketPlace.framework in Frameworks */ = {isa = PBXBuildFile; fileRef = BE4CDFD529BBBCBA03D6DE93 /* Pods_MarketPlace.framework */; };
		8B2C810F2A52C8B1004C82B6 /* WelcomeViewController.swift in Sources */ = {isa = PBXBuildFile; fileRef = 8B2C810E2A52C8B1004C82B6 /* WelcomeViewController.swift */; };
		8B2C81112A52C8C0004C82B6 /* WelcomeViewIO.swift in Sources */ = {isa = PBXBuildFile; fileRef = 8B2C81102A52C8C0004C82B6 /* WelcomeViewIO.swift */; };
		8B2C81142A52CB40004C82B6 /* WelcomeCoordinator.swift in Sources */ = {isa = PBXBuildFile; fileRef = 8B2C81132A52CB40004C82B6 /* WelcomeCoordinator.swift */; };
		8B2C81162A52CB4D004C82B6 /* WelcomeBuilder.swift in Sources */ = {isa = PBXBuildFile; fileRef = 8B2C81152A52CB4D004C82B6 /* WelcomeBuilder.swift */; };
		8B2C81182A52CF8A004C82B6 /* RootCoordinator.swift in Sources */ = {isa = PBXBuildFile; fileRef = 8B2C81172A52CF8A004C82B6 /* RootCoordinator.swift */; };
		8B2C811A2A52D133004C82B6 /* ServiceLocator.swift in Sources */ = {isa = PBXBuildFile; fileRef = 8B2C81192A52D133004C82B6 /* ServiceLocator.swift */; };
		8B2C811D2A52D16B004C82B6 /* CoreDataAssembly.swift in Sources */ = {isa = PBXBuildFile; fileRef = 8B2C811C2A52D16B004C82B6 /* CoreDataAssembly.swift */; };
		8B2C811F2A52D184004C82B6 /* LocalDataSourceAssembly.swift in Sources */ = {isa = PBXBuildFile; fileRef = 8B2C811E2A52D184004C82B6 /* LocalDataSourceAssembly.swift */; };
		8B2C81212A52D199004C82B6 /* NetworkAssembly.swift in Sources */ = {isa = PBXBuildFile; fileRef = 8B2C81202A52D199004C82B6 /* NetworkAssembly.swift */; };
		8B2C81242A52D302004C82B6 /* Resolver+Extensions.swift in Sources */ = {isa = PBXBuildFile; fileRef = 8B2C81232A52D302004C82B6 /* Resolver+Extensions.swift */; };
		8B2C81262A52D318004C82B6 /* UITabBarController+Extensions.swift in Sources */ = {isa = PBXBuildFile; fileRef = 8B2C81252A52D318004C82B6 /* UITabBarController+Extensions.swift */; };
		8B2C81292A52D57C004C82B6 /* WelcomePresenter.swift in Sources */ = {isa = PBXBuildFile; fileRef = 8B2C81282A52D57C004C82B6 /* WelcomePresenter.swift */; };
		8B2C812C2A52D60B004C82B6 /* FlowCoordinatorProtocol.swift in Sources */ = {isa = PBXBuildFile; fileRef = 8B2C812B2A52D60B004C82B6 /* FlowCoordinatorProtocol.swift */; };
		8B2C81342A52F29E004C82B6 /* LogInViewController.swift in Sources */ = {isa = PBXBuildFile; fileRef = 8B2C81332A52F29E004C82B6 /* LogInViewController.swift */; };
		8B2C81362A52F2BA004C82B6 /* LogInViewIO.swift in Sources */ = {isa = PBXBuildFile; fileRef = 8B2C81352A52F2BA004C82B6 /* LogInViewIO.swift */; };
		8B2C81382A52F2DB004C82B6 /* WelcomePresenterOutput.swift in Sources */ = {isa = PBXBuildFile; fileRef = 8B2C81372A52F2DB004C82B6 /* WelcomePresenterOutput.swift */; };
		8B2C813A2A52F3F6004C82B6 /* LogInPresenterOutput.swift in Sources */ = {isa = PBXBuildFile; fileRef = 8B2C81392A52F3F6004C82B6 /* LogInPresenterOutput.swift */; };
		8B2C813C2A52F401004C82B6 /* LogInPresenter.swift in Sources */ = {isa = PBXBuildFile; fileRef = 8B2C813B2A52F401004C82B6 /* LogInPresenter.swift */; };
		8B2C813E2A52F781004C82B6 /* LogInBuilder.swift in Sources */ = {isa = PBXBuildFile; fileRef = 8B2C813D2A52F781004C82B6 /* LogInBuilder.swift */; };
		8B2C81402A52F796004C82B6 /* LogInCoordinator.swift in Sources */ = {isa = PBXBuildFile; fileRef = 8B2C813F2A52F796004C82B6 /* LogInCoordinator.swift */; };
		8B2C81442A530896004C82B6 /* BackBarButton.swift in Sources */ = {isa = PBXBuildFile; fileRef = 8B2C81432A530896004C82B6 /* BackBarButton.swift */; };
		8B2C81462A53100C004C82B6 /* SignUpPresenterOutput .swift in Sources */ = {isa = PBXBuildFile; fileRef = 8B2C81452A53100C004C82B6 /* SignUpPresenterOutput .swift */; };
		8B2C81482A531052004C82B6 /* SignUpPresenter.swift in Sources */ = {isa = PBXBuildFile; fileRef = 8B2C81472A531052004C82B6 /* SignUpPresenter.swift */; };
		8B2C814A2A5310A1004C82B6 /* SignUpViewIO.swift in Sources */ = {isa = PBXBuildFile; fileRef = 8B2C81492A5310A1004C82B6 /* SignUpViewIO.swift */; };
		8B2C814C2A5310CC004C82B6 /* SignUpViewController.swift in Sources */ = {isa = PBXBuildFile; fileRef = 8B2C814B2A5310CC004C82B6 /* SignUpViewController.swift */; };
		8B2C814E2A531122004C82B6 /* SignUpBuilder.swift in Sources */ = {isa = PBXBuildFile; fileRef = 8B2C814D2A531122004C82B6 /* SignUpBuilder.swift */; };
		8B2C81502A53119F004C82B6 /* SignUpCoordinator.swift in Sources */ = {isa = PBXBuildFile; fileRef = 8B2C814F2A53119F004C82B6 /* SignUpCoordinator.swift */; };
		8B2C81542A537EEE004C82B6 /* CustomTextFieldView.swift in Sources */ = {isa = PBXBuildFile; fileRef = 8B2C81532A537EEE004C82B6 /* CustomTextFieldView.swift */; };
		8B2C81562A53AB83004C82B6 /* String+Extensions .swift in Sources */ = {isa = PBXBuildFile; fileRef = 8B2C81552A53AB83004C82B6 /* String+Extensions .swift */; };
		8B2C81582A53ABD3004C82B6 /* UITextField+Extensions.swift in Sources */ = {isa = PBXBuildFile; fileRef = 8B2C81572A53ABD3004C82B6 /* UITextField+Extensions.swift */; };
		8B2C815C2A53AC15004C82B6 /* TextFieldType.swift in Sources */ = {isa = PBXBuildFile; fileRef = 8B2C815B2A53AC15004C82B6 /* TextFieldType.swift */; };
		8BAB8AF42A523918005167BA /* AppDelegate.swift in Sources */ = {isa = PBXBuildFile; fileRef = 8BAB8AF32A523918005167BA /* AppDelegate.swift */; };
		8BAB8AF62A523918005167BA /* SceneDelegate.swift in Sources */ = {isa = PBXBuildFile; fileRef = 8BAB8AF52A523918005167BA /* SceneDelegate.swift */; };
		8BAB8AFE2A523918005167BA /* MarketPlace.xcdatamodeld in Sources */ = {isa = PBXBuildFile; fileRef = 8BAB8AFC2A523918005167BA /* MarketPlace.xcdatamodeld */; };
		8BAB8B002A52391D005167BA /* Assets.xcassets in Resources */ = {isa = PBXBuildFile; fileRef = 8BAB8AFF2A52391D005167BA /* Assets.xcassets */; };
		8BAB8B122A52453F005167BA /* Localizable.strings in Resources */ = {isa = PBXBuildFile; fileRef = 8BAB8B142A52453F005167BA /* Localizable.strings */; };
		8BAB8B162A5245E6005167BA /* R.generated.swift in Sources */ = {isa = PBXBuildFile; fileRef = 8BAB8B152A5245E6005167BA /* R.generated.swift */; };
		8BAB8B272A525381005167BA /* SimpleButton.swift in Sources */ = {isa = PBXBuildFile; fileRef = 8BAB8B262A525381005167BA /* SimpleButton.swift */; };
		8BAB8B292A5259CE005167BA /* RegisterButton.swift in Sources */ = {isa = PBXBuildFile; fileRef = 8BAB8B282A5259CE005167BA /* RegisterButton.swift */; };
		8BAB8B342A5263A0005167BA /* Roboto-Bold.ttf in Resources */ = {isa = PBXBuildFile; fileRef = 8BAB8B322A5263A0005167BA /* Roboto-Bold.ttf */; };
		8BAB8B352A5263A0005167BA /* Roboto-Regular.ttf in Resources */ = {isa = PBXBuildFile; fileRef = 8BAB8B332A5263A0005167BA /* Roboto-Regular.ttf */; };
		8BBFEA1B2A547C4A00810D47 /* UINavigationController+ Extensions.swift in Sources */ = {isa = PBXBuildFile; fileRef = 8BBFEA1A2A547C4A00810D47 /* UINavigationController+ Extensions.swift */; };
/* End PBXBuildFile section */

/* Begin PBXFileReference section */
		816A3AE550E036B5CDA3E828 /* Pods-MarketPlace.release.xcconfig */ = {isa = PBXFileReference; includeInIndex = 1; lastKnownFileType = text.xcconfig; name = "Pods-MarketPlace.release.xcconfig"; path = "Target Support Files/Pods-MarketPlace/Pods-MarketPlace.release.xcconfig"; sourceTree = "<group>"; };
		8B2C810E2A52C8B1004C82B6 /* WelcomeViewController.swift */ = {isa = PBXFileReference; lastKnownFileType = sourcecode.swift; path = WelcomeViewController.swift; sourceTree = "<group>"; };
		8B2C81102A52C8C0004C82B6 /* WelcomeViewIO.swift */ = {isa = PBXFileReference; lastKnownFileType = sourcecode.swift; path = WelcomeViewIO.swift; sourceTree = "<group>"; };
		8B2C81132A52CB40004C82B6 /* WelcomeCoordinator.swift */ = {isa = PBXFileReference; lastKnownFileType = sourcecode.swift; path = WelcomeCoordinator.swift; sourceTree = "<group>"; };
		8B2C81152A52CB4D004C82B6 /* WelcomeBuilder.swift */ = {isa = PBXFileReference; lastKnownFileType = sourcecode.swift; path = WelcomeBuilder.swift; sourceTree = "<group>"; };
		8B2C81172A52CF8A004C82B6 /* RootCoordinator.swift */ = {isa = PBXFileReference; lastKnownFileType = sourcecode.swift; path = RootCoordinator.swift; sourceTree = "<group>"; };
		8B2C81192A52D133004C82B6 /* ServiceLocator.swift */ = {isa = PBXFileReference; lastKnownFileType = sourcecode.swift; path = ServiceLocator.swift; sourceTree = "<group>"; };
		8B2C811C2A52D16B004C82B6 /* CoreDataAssembly.swift */ = {isa = PBXFileReference; lastKnownFileType = sourcecode.swift; path = CoreDataAssembly.swift; sourceTree = "<group>"; };
		8B2C811E2A52D184004C82B6 /* LocalDataSourceAssembly.swift */ = {isa = PBXFileReference; lastKnownFileType = sourcecode.swift; path = LocalDataSourceAssembly.swift; sourceTree = "<group>"; };
		8B2C81202A52D199004C82B6 /* NetworkAssembly.swift */ = {isa = PBXFileReference; lastKnownFileType = sourcecode.swift; path = NetworkAssembly.swift; sourceTree = "<group>"; };
		8B2C81232A52D302004C82B6 /* Resolver+Extensions.swift */ = {isa = PBXFileReference; lastKnownFileType = sourcecode.swift; path = "Resolver+Extensions.swift"; sourceTree = "<group>"; };
		8B2C81252A52D318004C82B6 /* UITabBarController+Extensions.swift */ = {isa = PBXFileReference; lastKnownFileType = sourcecode.swift; path = "UITabBarController+Extensions.swift"; sourceTree = "<group>"; };
		8B2C81282A52D57C004C82B6 /* WelcomePresenter.swift */ = {isa = PBXFileReference; lastKnownFileType = sourcecode.swift; path = WelcomePresenter.swift; sourceTree = "<group>"; };
		8B2C812B2A52D60B004C82B6 /* FlowCoordinatorProtocol.swift */ = {isa = PBXFileReference; lastKnownFileType = sourcecode.swift; path = FlowCoordinatorProtocol.swift; sourceTree = "<group>"; };
		8B2C81332A52F29E004C82B6 /* LogInViewController.swift */ = {isa = PBXFileReference; lastKnownFileType = sourcecode.swift; path = LogInViewController.swift; sourceTree = "<group>"; };
		8B2C81352A52F2BA004C82B6 /* LogInViewIO.swift */ = {isa = PBXFileReference; lastKnownFileType = sourcecode.swift; path = LogInViewIO.swift; sourceTree = "<group>"; };
		8B2C81372A52F2DB004C82B6 /* WelcomePresenterOutput.swift */ = {isa = PBXFileReference; lastKnownFileType = sourcecode.swift; path = WelcomePresenterOutput.swift; sourceTree = "<group>"; };
		8B2C81392A52F3F6004C82B6 /* LogInPresenterOutput.swift */ = {isa = PBXFileReference; lastKnownFileType = sourcecode.swift; path = LogInPresenterOutput.swift; sourceTree = "<group>"; };
		8B2C813B2A52F401004C82B6 /* LogInPresenter.swift */ = {isa = PBXFileReference; lastKnownFileType = sourcecode.swift; path = LogInPresenter.swift; sourceTree = "<group>"; };
		8B2C813D2A52F781004C82B6 /* LogInBuilder.swift */ = {isa = PBXFileReference; lastKnownFileType = sourcecode.swift; path = LogInBuilder.swift; sourceTree = "<group>"; };
		8B2C813F2A52F796004C82B6 /* LogInCoordinator.swift */ = {isa = PBXFileReference; lastKnownFileType = sourcecode.swift; path = LogInCoordinator.swift; sourceTree = "<group>"; };
		8B2C81432A530896004C82B6 /* BackBarButton.swift */ = {isa = PBXFileReference; lastKnownFileType = sourcecode.swift; path = BackBarButton.swift; sourceTree = "<group>"; };
		8B2C81452A53100C004C82B6 /* SignUpPresenterOutput .swift */ = {isa = PBXFileReference; lastKnownFileType = sourcecode.swift; path = "SignUpPresenterOutput .swift"; sourceTree = "<group>"; };
		8B2C81472A531052004C82B6 /* SignUpPresenter.swift */ = {isa = PBXFileReference; lastKnownFileType = sourcecode.swift; path = SignUpPresenter.swift; sourceTree = "<group>"; };
		8B2C81492A5310A1004C82B6 /* SignUpViewIO.swift */ = {isa = PBXFileReference; lastKnownFileType = sourcecode.swift; path = SignUpViewIO.swift; sourceTree = "<group>"; };
		8B2C814B2A5310CC004C82B6 /* SignUpViewController.swift */ = {isa = PBXFileReference; lastKnownFileType = sourcecode.swift; path = SignUpViewController.swift; sourceTree = "<group>"; };
		8B2C814D2A531122004C82B6 /* SignUpBuilder.swift */ = {isa = PBXFileReference; lastKnownFileType = sourcecode.swift; path = SignUpBuilder.swift; sourceTree = "<group>"; };
		8B2C814F2A53119F004C82B6 /* SignUpCoordinator.swift */ = {isa = PBXFileReference; lastKnownFileType = sourcecode.swift; path = SignUpCoordinator.swift; sourceTree = "<group>"; };
		8B2C81532A537EEE004C82B6 /* CustomTextFieldView.swift */ = {isa = PBXFileReference; lastKnownFileType = sourcecode.swift; path = CustomTextFieldView.swift; sourceTree = "<group>"; };
		8B2C81552A53AB83004C82B6 /* String+Extensions .swift */ = {isa = PBXFileReference; lastKnownFileType = sourcecode.swift; path = "String+Extensions .swift"; sourceTree = "<group>"; };
		8B2C81572A53ABD3004C82B6 /* UITextField+Extensions.swift */ = {isa = PBXFileReference; lastKnownFileType = sourcecode.swift; path = "UITextField+Extensions.swift"; sourceTree = "<group>"; };
		8B2C815B2A53AC15004C82B6 /* TextFieldType.swift */ = {isa = PBXFileReference; lastKnownFileType = sourcecode.swift; path = TextFieldType.swift; sourceTree = "<group>"; };
		8BAB8AF02A523918005167BA /* MarketPlace.app */ = {isa = PBXFileReference; explicitFileType = wrapper.application; includeInIndex = 0; path = MarketPlace.app; sourceTree = BUILT_PRODUCTS_DIR; };
		8BAB8AF32A523918005167BA /* AppDelegate.swift */ = {isa = PBXFileReference; lastKnownFileType = sourcecode.swift; path = AppDelegate.swift; sourceTree = "<group>"; };
		8BAB8AF52A523918005167BA /* SceneDelegate.swift */ = {isa = PBXFileReference; lastKnownFileType = sourcecode.swift; path = SceneDelegate.swift; sourceTree = "<group>"; };
		8BAB8AFD2A523918005167BA /* MarketPlace.xcdatamodel */ = {isa = PBXFileReference; lastKnownFileType = wrapper.xcdatamodel; path = MarketPlace.xcdatamodel; sourceTree = "<group>"; };
		8BAB8AFF2A52391D005167BA /* Assets.xcassets */ = {isa = PBXFileReference; lastKnownFileType = folder.assetcatalog; path = Assets.xcassets; sourceTree = "<group>"; };
		8BAB8B042A52391D005167BA /* Info.plist */ = {isa = PBXFileReference; lastKnownFileType = text.plist.xml; path = Info.plist; sourceTree = "<group>"; };
		8BAB8B132A52453F005167BA /* en */ = {isa = PBXFileReference; lastKnownFileType = text.plist.strings; name = en; path = en.lproj/Localizable.strings; sourceTree = "<group>"; };
		8BAB8B152A5245E6005167BA /* R.generated.swift */ = {isa = PBXFileReference; fileEncoding = 4; lastKnownFileType = sourcecode.swift; path = R.generated.swift; sourceTree = SOURCE_ROOT; };
		8BAB8B252A525217005167BA /* ru */ = {isa = PBXFileReference; lastKnownFileType = text.plist.strings; name = ru; path = ru.lproj/Localizable.strings; sourceTree = "<group>"; };
		8BAB8B262A525381005167BA /* SimpleButton.swift */ = {isa = PBXFileReference; lastKnownFileType = sourcecode.swift; path = SimpleButton.swift; sourceTree = "<group>"; };
		8BAB8B282A5259CE005167BA /* RegisterButton.swift */ = {isa = PBXFileReference; lastKnownFileType = sourcecode.swift; path = RegisterButton.swift; sourceTree = "<group>"; };
		8BAB8B322A5263A0005167BA /* Roboto-Bold.ttf */ = {isa = PBXFileReference; lastKnownFileType = file; path = "Roboto-Bold.ttf"; sourceTree = "<group>"; };
		8BAB8B332A5263A0005167BA /* Roboto-Regular.ttf */ = {isa = PBXFileReference; lastKnownFileType = file; path = "Roboto-Regular.ttf"; sourceTree = "<group>"; };
		8BBFEA1A2A547C4A00810D47 /* UINavigationController+ Extensions.swift */ = {isa = PBXFileReference; lastKnownFileType = sourcecode.swift; path = "UINavigationController+ Extensions.swift"; sourceTree = "<group>"; };
		8D070571E3963A5776D4FAF5 /* Pods-MarketPlace.debug.xcconfig */ = {isa = PBXFileReference; includeInIndex = 1; lastKnownFileType = text.xcconfig; name = "Pods-MarketPlace.debug.xcconfig"; path = "Target Support Files/Pods-MarketPlace/Pods-MarketPlace.debug.xcconfig"; sourceTree = "<group>"; };
		BE4CDFD529BBBCBA03D6DE93 /* Pods_MarketPlace.framework */ = {isa = PBXFileReference; explicitFileType = wrapper.framework; includeInIndex = 0; path = Pods_MarketPlace.framework; sourceTree = BUILT_PRODUCTS_DIR; };
/* End PBXFileReference section */

/* Begin PBXFrameworksBuildPhase section */
		8BAB8AED2A523918005167BA /* Frameworks */ = {
			isa = PBXFrameworksBuildPhase;
			buildActionMask = 2147483647;
			files = (
				67CDCD95E2C741C14C1D2F12 /* Pods_MarketPlace.framework in Frameworks */,
			);
			runOnlyForDeploymentPostprocessing = 0;
		};
/* End PBXFrameworksBuildPhase section */

/* Begin PBXGroup section */
		13BA3AE695D769460E8952C6 /* Pods */ = {
			isa = PBXGroup;
			children = (
				8D070571E3963A5776D4FAF5 /* Pods-MarketPlace.debug.xcconfig */,
				816A3AE550E036B5CDA3E828 /* Pods-MarketPlace.release.xcconfig */,
			);
			path = Pods;
			sourceTree = "<group>";
		};
		8B2C81092A52C86B004C82B6 /* Modules */ = {
			isa = PBXGroup;
			children = (
				8B2C812D2A52F240004C82B6 /* LogIn */,
				8B2C812E2A52F246004C82B6 /* SignUp */,
				8B2C810A2A52C878004C82B6 /* Welcome */,
			);
			path = Modules;
			sourceTree = "<group>";
		};
		8B2C810A2A52C878004C82B6 /* Welcome */ = {
			isa = PBXGroup;
			children = (
				8B2C810C2A52C88C004C82B6 /* Presenter */,
				8B2C810B2A52C881004C82B6 /* View */,
				8B2C81152A52CB4D004C82B6 /* WelcomeBuilder.swift */,
				8B2C81132A52CB40004C82B6 /* WelcomeCoordinator.swift */,
			);
			path = Welcome;
			sourceTree = "<group>";
		};
		8B2C810B2A52C881004C82B6 /* View */ = {
			isa = PBXGroup;
			children = (
				8B2C81102A52C8C0004C82B6 /* WelcomeViewIO.swift */,
				8B2C810E2A52C8B1004C82B6 /* WelcomeViewController.swift */,
			);
			path = View;
			sourceTree = "<group>";
		};
		8B2C810C2A52C88C004C82B6 /* Presenter */ = {
			isa = PBXGroup;
			children = (
				8B2C81372A52F2DB004C82B6 /* WelcomePresenterOutput.swift */,
				8B2C81282A52D57C004C82B6 /* WelcomePresenter.swift */,
			);
			path = Presenter;
			sourceTree = "<group>";
		};
		8B2C811B2A52D156004C82B6 /* DependencyAssemblers */ = {
			isa = PBXGroup;
			children = (
				8B2C811C2A52D16B004C82B6 /* CoreDataAssembly.swift */,
				8B2C811E2A52D184004C82B6 /* LocalDataSourceAssembly.swift */,
				8B2C81202A52D199004C82B6 /* NetworkAssembly.swift */,
			);
			path = DependencyAssemblers;
			sourceTree = "<group>";
		};
		8B2C81222A52D2C8004C82B6 /* Extensions */ = {
			isa = PBXGroup;
			children = (
				8B2C81232A52D302004C82B6 /* Resolver+Extensions.swift */,
				8B2C81552A53AB83004C82B6 /* String+Extensions .swift */,
				8BBFEA1A2A547C4A00810D47 /* UINavigationController+ Extensions.swift */,
				8B2C81252A52D318004C82B6 /* UITabBarController+Extensions.swift */,
				8B2C81572A53ABD3004C82B6 /* UITextField+Extensions.swift */,
			);
			path = Extensions;
			sourceTree = "<group>";
		};
		8B2C81272A52D496004C82B6 /* Application */ = {
			isa = PBXGroup;
			children = (
				8BAB8AF32A523918005167BA /* AppDelegate.swift */,
				8BAB8AF52A523918005167BA /* SceneDelegate.swift */,
				8B2C81172A52CF8A004C82B6 /* RootCoordinator.swift */,
				8B2C81192A52D133004C82B6 /* ServiceLocator.swift */,
			);
			path = Application;
			sourceTree = "<group>";
		};
		8B2C812A2A52D5C0004C82B6 /* Protocols */ = {
			isa = PBXGroup;
			children = (
				8B2C812B2A52D60B004C82B6 /* FlowCoordinatorProtocol.swift */,
			);
			path = Protocols;
			sourceTree = "<group>";
		};
		8B2C812D2A52F240004C82B6 /* LogIn */ = {
			isa = PBXGroup;
			children = (
				8B2C812F2A52F259004C82B6 /* Presenter */,
				8B2C81302A52F262004C82B6 /* View */,
				8B2C813D2A52F781004C82B6 /* LogInBuilder.swift */,
				8B2C813F2A52F796004C82B6 /* LogInCoordinator.swift */,
			);
			path = LogIn;
			sourceTree = "<group>";
		};
		8B2C812E2A52F246004C82B6 /* SignUp */ = {
			isa = PBXGroup;
			children = (
				8B2C81322A52F28C004C82B6 /* Presenter */,
				8B2C81312A52F287004C82B6 /* View */,
				8B2C814D2A531122004C82B6 /* SignUpBuilder.swift */,
				8B2C814F2A53119F004C82B6 /* SignUpCoordinator.swift */,
			);
			path = SignUp;
			sourceTree = "<group>";
		};
		8B2C812F2A52F259004C82B6 /* Presenter */ = {
			isa = PBXGroup;
			children = (
				8B2C81392A52F3F6004C82B6 /* LogInPresenterOutput.swift */,
				8B2C813B2A52F401004C82B6 /* LogInPresenter.swift */,
			);
			path = Presenter;
			sourceTree = "<group>";
		};
		8B2C81302A52F262004C82B6 /* View */ = {
			isa = PBXGroup;
			children = (
				8B2C81352A52F2BA004C82B6 /* LogInViewIO.swift */,
				8B2C81332A52F29E004C82B6 /* LogInViewController.swift */,
			);
			path = View;
			sourceTree = "<group>";
		};
		8B2C81312A52F287004C82B6 /* View */ = {
			isa = PBXGroup;
			children = (
				8B2C81492A5310A1004C82B6 /* SignUpViewIO.swift */,
				8B2C814B2A5310CC004C82B6 /* SignUpViewController.swift */,
			);
			path = View;
			sourceTree = "<group>";
		};
		8B2C81322A52F28C004C82B6 /* Presenter */ = {
			isa = PBXGroup;
			children = (
				8B2C81452A53100C004C82B6 /* SignUpPresenterOutput .swift */,
				8B2C81472A531052004C82B6 /* SignUpPresenter.swift */,
			);
			path = Presenter;
			sourceTree = "<group>";
		};
		8B2C81592A53AC04004C82B6 /* Enums */ = {
			isa = PBXGroup;
			children = (
				8B2C815B2A53AC15004C82B6 /* TextFieldType.swift */,
			);
			path = Enums;
			sourceTree = "<group>";
		};
		8BAB8AE72A523918005167BA = {
			isa = PBXGroup;
			children = (
				8BAB8AF22A523918005167BA /* MarketPlace */,
				8BAB8AF12A523918005167BA /* Products */,
				13BA3AE695D769460E8952C6 /* Pods */,
				B181952DFFC6349F7F39DDDE /* Frameworks */,
			);
			sourceTree = "<group>";
		};
		8BAB8AF12A523918005167BA /* Products */ = {
			isa = PBXGroup;
			children = (
				8BAB8AF02A523918005167BA /* MarketPlace.app */,
			);
			name = Products;
			sourceTree = "<group>";
		};
		8BAB8AF22A523918005167BA /* MarketPlace */ = {
			isa = PBXGroup;
			children = (
				8B2C81272A52D496004C82B6 /* Application */,
				8BAB8B0D2A523FD1005167BA /* Components */,
				8B2C811B2A52D156004C82B6 /* DependencyAssemblers */,
				8B2C81592A53AC04004C82B6 /* Enums */,
				8B2C81222A52D2C8004C82B6 /* Extensions */,
				8BAB8B0E2A524487005167BA /* Generated */,
				8B2C81092A52C86B004C82B6 /* Modules */,
				8B2C812A2A52D5C0004C82B6 /* Protocols */,
				8BAB8B0F2A5244F1005167BA /* Resources */,
				8BAB8B042A52391D005167BA /* Info.plist */,
				8BAB8AFC2A523918005167BA /* MarketPlace.xcdatamodeld */,
			);
			path = MarketPlace;
			sourceTree = "<group>";
		};
		8BAB8B0D2A523FD1005167BA /* Components */ = {
			isa = PBXGroup;
			children = (
				8B2C81432A530896004C82B6 /* BackBarButton.swift */,
				8BAB8B262A525381005167BA /* SimpleButton.swift */,
				8BAB8B282A5259CE005167BA /* RegisterButton.swift */,
				8B2C81532A537EEE004C82B6 /* CustomTextFieldView.swift */,
			);
			path = Components;
			sourceTree = "<group>";
		};
		8BAB8B0E2A524487005167BA /* Generated */ = {
			isa = PBXGroup;
			children = (
				8BAB8B152A5245E6005167BA /* R.generated.swift */,
			);
			path = Generated;
			sourceTree = "<group>";
		};
		8BAB8B0F2A5244F1005167BA /* Resources */ = {
			isa = PBXGroup;
			children = (
				8BAB8B312A52633B005167BA /* Fonts */,
				8BAB8AFF2A52391D005167BA /* Assets.xcassets */,
				8BAB8B142A52453F005167BA /* Localizable.strings */,
			);
			path = Resources;
			sourceTree = "<group>";
		};
		8BAB8B312A52633B005167BA /* Fonts */ = {
			isa = PBXGroup;
			children = (
				8BAB8B322A5263A0005167BA /* Roboto-Bold.ttf */,
				8BAB8B332A5263A0005167BA /* Roboto-Regular.ttf */,
			);
			path = Fonts;
			sourceTree = "<group>";
		};
		B181952DFFC6349F7F39DDDE /* Frameworks */ = {
			isa = PBXGroup;
			children = (
				BE4CDFD529BBBCBA03D6DE93 /* Pods_MarketPlace.framework */,
			);
			name = Frameworks;
			sourceTree = "<group>";
		};
/* End PBXGroup section */

/* Begin PBXNativeTarget section */
		8BAB8AEF2A523918005167BA /* MarketPlace */ = {
			isa = PBXNativeTarget;
			buildConfigurationList = 8BAB8B072A52391D005167BA /* Build configuration list for PBXNativeTarget "MarketPlace" */;
			buildPhases = (
				8BAB8B232A524DB8005167BA /* SwiftLint */,
				4C2AA587FB48AE49CA418F0F /* [CP] Check Pods Manifest.lock */,
				8BAB8B0A2A523B63005167BA /* CodeGeneration */,
				8BAB8AEC2A523918005167BA /* Sources */,
				8BAB8AED2A523918005167BA /* Frameworks */,
				8BAB8AEE2A523918005167BA /* Resources */,
				E909BCCCF487F8FB2CA722C7 /* [CP] Embed Pods Frameworks */,
			);
			buildRules = (
			);
			dependencies = (
			);
			name = MarketPlace;
			productName = MarketPlace;
			productReference = 8BAB8AF02A523918005167BA /* MarketPlace.app */;
			productType = "com.apple.product-type.application";
		};
/* End PBXNativeTarget section */

/* Begin PBXProject section */
		8BAB8AE82A523918005167BA /* Project object */ = {
			isa = PBXProject;
			attributes = {
				BuildIndependentTargetsInParallel = 1;
				LastSwiftUpdateCheck = 1430;
				LastUpgradeCheck = 1430;
				TargetAttributes = {
					8BAB8AEF2A523918005167BA = {
						CreatedOnToolsVersion = 14.3;
					};
				};
			};
			buildConfigurationList = 8BAB8AEB2A523918005167BA /* Build configuration list for PBXProject "MarketPlace" */;
			compatibilityVersion = "Xcode 14.0";
			developmentRegion = en;
			hasScannedForEncodings = 0;
			knownRegions = (
				en,
				Base,
				ru,
			);
			mainGroup = 8BAB8AE72A523918005167BA;
			productRefGroup = 8BAB8AF12A523918005167BA /* Products */;
			projectDirPath = "";
			projectRoot = "";
			targets = (
				8BAB8AEF2A523918005167BA /* MarketPlace */,
			);
		};
/* End PBXProject section */

/* Begin PBXResourcesBuildPhase section */
		8BAB8AEE2A523918005167BA /* Resources */ = {
			isa = PBXResourcesBuildPhase;
			buildActionMask = 2147483647;
			files = (
				8BAB8B122A52453F005167BA /* Localizable.strings in Resources */,
				8BAB8B002A52391D005167BA /* Assets.xcassets in Resources */,
				8BAB8B352A5263A0005167BA /* Roboto-Regular.ttf in Resources */,
				8BAB8B342A5263A0005167BA /* Roboto-Bold.ttf in Resources */,
			);
			runOnlyForDeploymentPostprocessing = 0;
		};
/* End PBXResourcesBuildPhase section */

/* Begin PBXShellScriptBuildPhase section */
		4C2AA587FB48AE49CA418F0F /* [CP] Check Pods Manifest.lock */ = {
			isa = PBXShellScriptBuildPhase;
			buildActionMask = 2147483647;
			files = (
			);
			inputFileListPaths = (
			);
			inputPaths = (
				"${PODS_PODFILE_DIR_PATH}/Podfile.lock",
				"${PODS_ROOT}/Manifest.lock",
			);
			name = "[CP] Check Pods Manifest.lock";
			outputFileListPaths = (
			);
			outputPaths = (
				"$(DERIVED_FILE_DIR)/Pods-MarketPlace-checkManifestLockResult.txt",
			);
			runOnlyForDeploymentPostprocessing = 0;
			shellPath = /bin/sh;
			shellScript = "diff \"${PODS_PODFILE_DIR_PATH}/Podfile.lock\" \"${PODS_ROOT}/Manifest.lock\" > /dev/null\nif [ $? != 0 ] ; then\n    # print error to STDERR\n    echo \"error: The sandbox is not in sync with the Podfile.lock. Run 'pod install' or update your CocoaPods installation.\" >&2\n    exit 1\nfi\n# This output is used by Xcode 'outputs' to avoid re-running this script phase.\necho \"SUCCESS\" > \"${SCRIPT_OUTPUT_FILE_0}\"\n";
			showEnvVarsInLog = 0;
		};
		8BAB8B0A2A523B63005167BA /* CodeGeneration */ = {
			isa = PBXShellScriptBuildPhase;
			alwaysOutOfDate = 1;
			buildActionMask = 2147483647;
			files = (
			);
			inputFileListPaths = (
			);
			inputPaths = (
			);
			name = CodeGeneration;
			outputFileListPaths = (
			);
			outputPaths = (
				$SRCROOT/R.generated.swift,
			);
			runOnlyForDeploymentPostprocessing = 0;
			shellPath = /bin/sh;
			shellScript = "\"$PODS_ROOT/R.swift/rswift\" generate \"$SRCROOT/R.generated.swift\"\n";
		};
		8BAB8B232A524DB8005167BA /* SwiftLint */ = {
			isa = PBXShellScriptBuildPhase;
			buildActionMask = 2147483647;
			files = (
			);
			inputFileListPaths = (
			);
			inputPaths = (
			);
			name = SwiftLint;
			outputFileListPaths = (
			);
			outputPaths = (
			);
			runOnlyForDeploymentPostprocessing = 0;
			shellPath = /bin/sh;
			shellScript = "\"${PODS_ROOT}/SwiftLint/swiftlint\"\n";
		};
		E909BCCCF487F8FB2CA722C7 /* [CP] Embed Pods Frameworks */ = {
			isa = PBXShellScriptBuildPhase;
			buildActionMask = 2147483647;
			files = (
			);
			inputFileListPaths = (
				"${PODS_ROOT}/Target Support Files/Pods-MarketPlace/Pods-MarketPlace-frameworks-${CONFIGURATION}-input-files.xcfilelist",
			);
			name = "[CP] Embed Pods Frameworks";
			outputFileListPaths = (
				"${PODS_ROOT}/Target Support Files/Pods-MarketPlace/Pods-MarketPlace-frameworks-${CONFIGURATION}-output-files.xcfilelist",
			);
			runOnlyForDeploymentPostprocessing = 0;
			shellPath = /bin/sh;
			shellScript = "\"${PODS_ROOT}/Target Support Files/Pods-MarketPlace/Pods-MarketPlace-frameworks.sh\"\n";
			showEnvVarsInLog = 0;
		};
/* End PBXShellScriptBuildPhase section */

/* Begin PBXSourcesBuildPhase section */
		8BAB8AEC2A523918005167BA /* Sources */ = {
			isa = PBXSourcesBuildPhase;
			buildActionMask = 2147483647;
			files = (
				8B2C813A2A52F3F6004C82B6 /* LogInPresenterOutput.swift in Sources */,
				8B2C81112A52C8C0004C82B6 /* WelcomeViewIO.swift in Sources */,
				8B2C81402A52F796004C82B6 /* LogInCoordinator.swift in Sources */,
				8B2C81542A537EEE004C82B6 /* CustomTextFieldView.swift in Sources */,
				8B2C810F2A52C8B1004C82B6 /* WelcomeViewController.swift in Sources */,
				8BAB8AFE2A523918005167BA /* MarketPlace.xcdatamodeld in Sources */,
				8B2C811A2A52D133004C82B6 /* ServiceLocator.swift in Sources */,
				8B2C81562A53AB83004C82B6 /* String+Extensions .swift in Sources */,
				8B2C81182A52CF8A004C82B6 /* RootCoordinator.swift in Sources */,
				8B2C81582A53ABD3004C82B6 /* UITextField+Extensions.swift in Sources */,
				8B2C813E2A52F781004C82B6 /* LogInBuilder.swift in Sources */,
				8B2C814A2A5310A1004C82B6 /* SignUpViewIO.swift in Sources */,
				8B2C81292A52D57C004C82B6 /* WelcomePresenter.swift in Sources */,
				8BBFEA1B2A547C4A00810D47 /* UINavigationController+ Extensions.swift in Sources */,
				8B2C811D2A52D16B004C82B6 /* CoreDataAssembly.swift in Sources */,
				8B2C814E2A531122004C82B6 /* SignUpBuilder.swift in Sources */,
				8B2C81442A530896004C82B6 /* BackBarButton.swift in Sources */,
				8B2C813C2A52F401004C82B6 /* LogInPresenter.swift in Sources */,
				8BAB8AF42A523918005167BA /* AppDelegate.swift in Sources */,
				8B2C81342A52F29E004C82B6 /* LogInViewController.swift in Sources */,
				8B2C814C2A5310CC004C82B6 /* SignUpViewController.swift in Sources */,
				8BAB8B292A5259CE005167BA /* RegisterButton.swift in Sources */,
				8B2C812C2A52D60B004C82B6 /* FlowCoordinatorProtocol.swift in Sources */,
				8BAB8AF62A523918005167BA /* SceneDelegate.swift in Sources */,
				8B2C81212A52D199004C82B6 /* NetworkAssembly.swift in Sources */,
				8B2C81142A52CB40004C82B6 /* WelcomeCoordinator.swift in Sources */,
				8B2C81362A52F2BA004C82B6 /* LogInViewIO.swift in Sources */,
				8B2C815C2A53AC15004C82B6 /* TextFieldType.swift in Sources */,
				8BAB8B162A5245E6005167BA /* R.generated.swift in Sources */,
				8B2C81162A52CB4D004C82B6 /* WelcomeBuilder.swift in Sources */,
				8B2C81462A53100C004C82B6 /* SignUpPresenterOutput .swift in Sources */,
				8B2C811F2A52D184004C82B6 /* LocalDataSourceAssembly.swift in Sources */,
				8B2C81382A52F2DB004C82B6 /* WelcomePresenterOutput.swift in Sources */,
				8B2C81262A52D318004C82B6 /* UITabBarController+Extensions.swift in Sources */,
				8B2C81502A53119F004C82B6 /* SignUpCoordinator.swift in Sources */,
				8B2C81242A52D302004C82B6 /* Resolver+Extensions.swift in Sources */,
				8B2C81482A531052004C82B6 /* SignUpPresenter.swift in Sources */,
				8BAB8B272A525381005167BA /* SimpleButton.swift in Sources */,
			);
			runOnlyForDeploymentPostprocessing = 0;
		};
/* End PBXSourcesBuildPhase section */

/* Begin PBXVariantGroup section */
		8BAB8B142A52453F005167BA /* Localizable.strings */ = {
			isa = PBXVariantGroup;
			children = (
				8BAB8B132A52453F005167BA /* en */,
				8BAB8B252A525217005167BA /* ru */,
			);
			name = Localizable.strings;
			sourceTree = "<group>";
		};
/* End PBXVariantGroup section */

/* Begin XCBuildConfiguration section */
		8BAB8B052A52391D005167BA /* Debug */ = {
			isa = XCBuildConfiguration;
			buildSettings = {
				ALWAYS_SEARCH_USER_PATHS = NO;
				CLANG_ANALYZER_LOCALIZABILITY_NONLOCALIZED = YES;
				CLANG_ANALYZER_NONNULL = YES;
				CLANG_ANALYZER_NUMBER_OBJECT_CONVERSION = YES_AGGRESSIVE;
				CLANG_CXX_LANGUAGE_STANDARD = "gnu++20";
				CLANG_ENABLE_MODULES = YES;
				CLANG_ENABLE_OBJC_ARC = YES;
				CLANG_ENABLE_OBJC_WEAK = YES;
				CLANG_WARN_BLOCK_CAPTURE_AUTORELEASING = YES;
				CLANG_WARN_BOOL_CONVERSION = YES;
				CLANG_WARN_COMMA = YES;
				CLANG_WARN_CONSTANT_CONVERSION = YES;
				CLANG_WARN_DEPRECATED_OBJC_IMPLEMENTATIONS = YES;
				CLANG_WARN_DIRECT_OBJC_ISA_USAGE = YES_ERROR;
				CLANG_WARN_DOCUMENTATION_COMMENTS = YES;
				CLANG_WARN_EMPTY_BODY = YES;
				CLANG_WARN_ENUM_CONVERSION = YES;
				CLANG_WARN_INFINITE_RECURSION = YES;
				CLANG_WARN_INT_CONVERSION = YES;
				CLANG_WARN_NON_LITERAL_NULL_CONVERSION = YES;
				CLANG_WARN_OBJC_IMPLICIT_RETAIN_SELF = YES;
				CLANG_WARN_OBJC_LITERAL_CONVERSION = YES;
				CLANG_WARN_OBJC_ROOT_CLASS = YES_ERROR;
				CLANG_WARN_QUOTED_INCLUDE_IN_FRAMEWORK_HEADER = YES;
				CLANG_WARN_RANGE_LOOP_ANALYSIS = YES;
				CLANG_WARN_STRICT_PROTOTYPES = YES;
				CLANG_WARN_SUSPICIOUS_MOVE = YES;
				CLANG_WARN_UNGUARDED_AVAILABILITY = YES_AGGRESSIVE;
				CLANG_WARN_UNREACHABLE_CODE = YES;
				CLANG_WARN__DUPLICATE_METHOD_MATCH = YES;
				COPY_PHASE_STRIP = NO;
				DEBUG_INFORMATION_FORMAT = dwarf;
				ENABLE_STRICT_OBJC_MSGSEND = YES;
				ENABLE_TESTABILITY = YES;
				GCC_C_LANGUAGE_STANDARD = gnu11;
				GCC_DYNAMIC_NO_PIC = NO;
				GCC_NO_COMMON_BLOCKS = YES;
				GCC_OPTIMIZATION_LEVEL = 0;
				GCC_PREPROCESSOR_DEFINITIONS = (
					"DEBUG=1",
					"$(inherited)",
				);
				GCC_WARN_64_TO_32_BIT_CONVERSION = YES;
				GCC_WARN_ABOUT_RETURN_TYPE = YES_ERROR;
				GCC_WARN_UNDECLARED_SELECTOR = YES;
				GCC_WARN_UNINITIALIZED_AUTOS = YES_AGGRESSIVE;
				GCC_WARN_UNUSED_FUNCTION = YES;
				GCC_WARN_UNUSED_VARIABLE = YES;
				IPHONEOS_DEPLOYMENT_TARGET = 16.4;
				MTL_ENABLE_DEBUG_INFO = INCLUDE_SOURCE;
				MTL_FAST_MATH = YES;
				ONLY_ACTIVE_ARCH = YES;
				SDKROOT = iphoneos;
				SWIFT_ACTIVE_COMPILATION_CONDITIONS = DEBUG;
				SWIFT_OPTIMIZATION_LEVEL = "-Onone";
			};
			name = Debug;
		};
		8BAB8B062A52391D005167BA /* Release */ = {
			isa = XCBuildConfiguration;
			buildSettings = {
				ALWAYS_SEARCH_USER_PATHS = NO;
				CLANG_ANALYZER_LOCALIZABILITY_NONLOCALIZED = YES;
				CLANG_ANALYZER_NONNULL = YES;
				CLANG_ANALYZER_NUMBER_OBJECT_CONVERSION = YES_AGGRESSIVE;
				CLANG_CXX_LANGUAGE_STANDARD = "gnu++20";
				CLANG_ENABLE_MODULES = YES;
				CLANG_ENABLE_OBJC_ARC = YES;
				CLANG_ENABLE_OBJC_WEAK = YES;
				CLANG_WARN_BLOCK_CAPTURE_AUTORELEASING = YES;
				CLANG_WARN_BOOL_CONVERSION = YES;
				CLANG_WARN_COMMA = YES;
				CLANG_WARN_CONSTANT_CONVERSION = YES;
				CLANG_WARN_DEPRECATED_OBJC_IMPLEMENTATIONS = YES;
				CLANG_WARN_DIRECT_OBJC_ISA_USAGE = YES_ERROR;
				CLANG_WARN_DOCUMENTATION_COMMENTS = YES;
				CLANG_WARN_EMPTY_BODY = YES;
				CLANG_WARN_ENUM_CONVERSION = YES;
				CLANG_WARN_INFINITE_RECURSION = YES;
				CLANG_WARN_INT_CONVERSION = YES;
				CLANG_WARN_NON_LITERAL_NULL_CONVERSION = YES;
				CLANG_WARN_OBJC_IMPLICIT_RETAIN_SELF = YES;
				CLANG_WARN_OBJC_LITERAL_CONVERSION = YES;
				CLANG_WARN_OBJC_ROOT_CLASS = YES_ERROR;
				CLANG_WARN_QUOTED_INCLUDE_IN_FRAMEWORK_HEADER = YES;
				CLANG_WARN_RANGE_LOOP_ANALYSIS = YES;
				CLANG_WARN_STRICT_PROTOTYPES = YES;
				CLANG_WARN_SUSPICIOUS_MOVE = YES;
				CLANG_WARN_UNGUARDED_AVAILABILITY = YES_AGGRESSIVE;
				CLANG_WARN_UNREACHABLE_CODE = YES;
				CLANG_WARN__DUPLICATE_METHOD_MATCH = YES;
				COPY_PHASE_STRIP = NO;
				DEBUG_INFORMATION_FORMAT = "dwarf-with-dsym";
				ENABLE_NS_ASSERTIONS = NO;
				ENABLE_STRICT_OBJC_MSGSEND = YES;
				GCC_C_LANGUAGE_STANDARD = gnu11;
				GCC_NO_COMMON_BLOCKS = YES;
				GCC_WARN_64_TO_32_BIT_CONVERSION = YES;
				GCC_WARN_ABOUT_RETURN_TYPE = YES_ERROR;
				GCC_WARN_UNDECLARED_SELECTOR = YES;
				GCC_WARN_UNINITIALIZED_AUTOS = YES_AGGRESSIVE;
				GCC_WARN_UNUSED_FUNCTION = YES;
				GCC_WARN_UNUSED_VARIABLE = YES;
				IPHONEOS_DEPLOYMENT_TARGET = 16.4;
				MTL_ENABLE_DEBUG_INFO = NO;
				MTL_FAST_MATH = YES;
				SDKROOT = iphoneos;
				SWIFT_COMPILATION_MODE = wholemodule;
				SWIFT_OPTIMIZATION_LEVEL = "-O";
				VALIDATE_PRODUCT = YES;
			};
			name = Release;
		};
		8BAB8B082A52391D005167BA /* Debug */ = {
			isa = XCBuildConfiguration;
			baseConfigurationReference = 8D070571E3963A5776D4FAF5 /* Pods-MarketPlace.debug.xcconfig */;
			buildSettings = {
				ASSETCATALOG_COMPILER_APPICON_NAME = AppIcon;
				ASSETCATALOG_COMPILER_GLOBAL_ACCENT_COLOR_NAME = AccentColor;
				CODE_SIGN_STYLE = Automatic;
				CURRENT_PROJECT_VERSION = 1;
				GENERATE_INFOPLIST_FILE = YES;
				INFOPLIST_FILE = MarketPlace/Info.plist;
				INFOPLIST_KEY_UIApplicationSupportsIndirectInputEvents = YES;
				INFOPLIST_KEY_UILaunchStoryboardName = LaunchScreen;
				INFOPLIST_KEY_UISupportedInterfaceOrientations_iPad = "UIInterfaceOrientationPortrait UIInterfaceOrientationPortraitUpsideDown UIInterfaceOrientationLandscapeLeft UIInterfaceOrientationLandscapeRight";
				INFOPLIST_KEY_UISupportedInterfaceOrientations_iPhone = "UIInterfaceOrientationPortrait UIInterfaceOrientationLandscapeLeft UIInterfaceOrientationLandscapeRight";
				IPHONEOS_DEPLOYMENT_TARGET = 14.0;
				LD_RUNPATH_SEARCH_PATHS = (
					"$(inherited)",
					"@executable_path/Frameworks",
				);
				MARKETING_VERSION = 1.0;
				PRODUCT_BUNDLE_IDENTIFIER = nikita.MarketPlace;
				PRODUCT_NAME = "$(TARGET_NAME)";
				SWIFT_EMIT_LOC_STRINGS = YES;
				SWIFT_VERSION = 5.0;
				TARGETED_DEVICE_FAMILY = "1,2";
			};
			name = Debug;
		};
		8BAB8B092A52391D005167BA /* Release */ = {
			isa = XCBuildConfiguration;
			baseConfigurationReference = 816A3AE550E036B5CDA3E828 /* Pods-MarketPlace.release.xcconfig */;
			buildSettings = {
				ASSETCATALOG_COMPILER_APPICON_NAME = AppIcon;
				ASSETCATALOG_COMPILER_GLOBAL_ACCENT_COLOR_NAME = AccentColor;
				CODE_SIGN_STYLE = Automatic;
				CURRENT_PROJECT_VERSION = 1;
				GENERATE_INFOPLIST_FILE = YES;
				INFOPLIST_FILE = MarketPlace/Info.plist;
				INFOPLIST_KEY_UIApplicationSupportsIndirectInputEvents = YES;
				INFOPLIST_KEY_UILaunchStoryboardName = LaunchScreen;
				INFOPLIST_KEY_UISupportedInterfaceOrientations_iPad = "UIInterfaceOrientationPortrait UIInterfaceOrientationPortraitUpsideDown UIInterfaceOrientationLandscapeLeft UIInterfaceOrientationLandscapeRight";
				INFOPLIST_KEY_UISupportedInterfaceOrientations_iPhone = "UIInterfaceOrientationPortrait UIInterfaceOrientationLandscapeLeft UIInterfaceOrientationLandscapeRight";
				IPHONEOS_DEPLOYMENT_TARGET = 14.0;
				LD_RUNPATH_SEARCH_PATHS = (
					"$(inherited)",
					"@executable_path/Frameworks",
				);
				MARKETING_VERSION = 1.0;
				PRODUCT_BUNDLE_IDENTIFIER = nikita.MarketPlace;
				PRODUCT_NAME = "$(TARGET_NAME)";
				SWIFT_EMIT_LOC_STRINGS = YES;
				SWIFT_VERSION = 5.0;
				TARGETED_DEVICE_FAMILY = "1,2";
			};
			name = Release;
		};
/* End XCBuildConfiguration section */

/* Begin XCConfigurationList section */
		8BAB8AEB2A523918005167BA /* Build configuration list for PBXProject "MarketPlace" */ = {
			isa = XCConfigurationList;
			buildConfigurations = (
				8BAB8B052A52391D005167BA /* Debug */,
				8BAB8B062A52391D005167BA /* Release */,
			);
			defaultConfigurationIsVisible = 0;
			defaultConfigurationName = Release;
		};
		8BAB8B072A52391D005167BA /* Build configuration list for PBXNativeTarget "MarketPlace" */ = {
			isa = XCConfigurationList;
			buildConfigurations = (
				8BAB8B082A52391D005167BA /* Debug */,
				8BAB8B092A52391D005167BA /* Release */,
			);
			defaultConfigurationIsVisible = 0;
			defaultConfigurationName = Release;
		};
/* End XCConfigurationList section */

/* Begin XCVersionGroup section */
		8BAB8AFC2A523918005167BA /* MarketPlace.xcdatamodeld */ = {
			isa = XCVersionGroup;
			children = (
				8BAB8AFD2A523918005167BA /* MarketPlace.xcdatamodel */,
			);
			currentVersion = 8BAB8AFD2A523918005167BA /* MarketPlace.xcdatamodel */;
			path = MarketPlace.xcdatamodeld;
			sourceTree = "<group>";
			versionGroupType = wrapper.xcdatamodel;
		};
/* End XCVersionGroup section */
	};
	rootObject = 8BAB8AE82A523918005167BA /* Project object */;
}
